
Microsoft Visual Studio Solution File, Format Version 12.00
# Visual Studio 15
VisualStudioVersion = 15.0.27130.2010
MinimumVisualStudioVersion = 10.0.40219.1
Project("{FAE04EC0-301F-11D3-BF4B-00C04F79EFBC}") = "EhrPatientBLLService", "EhrPatientBLLService\EhrPatientBLLService.csproj", "{F798760C-90F8-444C-BE92-9C9274E2EBAF}"
EndProject
Project("{FAE04EC0-301F-11D3-BF4B-00C04F79EFBC}") = "EhrPatientBLLService.Tests", "EhrPatientBLLService.Tests\EhrPatientBLLService.Tests.csproj", "{E91DFE79-6789-4BCC-9816-D74A5459D3EF}"
EndProject
Project("{FAE04EC0-301F-11D3-BF4B-00C04F79EFBC}") = "SAL", "SAL\SAL.csproj", "{FD9C407E-BBCF-4534-B032-75909D373E2B}"
EndProject
Project("{FAE04EC0-301F-11D3-BF4B-00C04F79EFBC}") = "Utility", "Utility\Utility.csproj", "{106EE76A-02D2-4530-86C6-31CF97125B8A}"
EndProject
Project("{FAE04EC0-301F-11D3-BF4B-00C04F79EFBC}") = "BusinessEntity", "BusinessEntity\BusinessEntity.csproj", "{7DBAB6AF-9AF2-4A4B-A899-C42397BD7015}"
EndProject
Global
	GlobalSection(SolutionConfigurationPlatforms) = preSolution
		Debug|Any CPU = Debug|Any CPU
		Release|Any CPU = Release|Any CPU
	EndGlobalSection
	GlobalSection(ProjectConfigurationPlatforms) = postSolution
		{F798760C-90F8-444C-BE92-9C9274E2EBAF}.Debug|Any CPU.ActiveCfg = Debug|Any CPU
		{F798760C-90F8-444C-BE92-9C9274E2EBAF}.Debug|Any CPU.Build.0 = Debug|Any CPU
		{F798760C-90F8-444C-BE92-9C9274E2EBAF}.Release|Any CPU.ActiveCfg = Release|Any CPU
		{F798760C-90F8-444C-BE92-9C9274E2EBAF}.Release|Any CPU.Build.0 = Release|Any CPU
		{E91DFE79-6789-4BCC-9816-D74A5459D3EF}.Debug|Any CPU.ActiveCfg = Debug|Any CPU
		{E91DFE79-6789-4BCC-9816-D74A5459D3EF}.Debug|Any CPU.Build.0 = Debug|Any CPU
		{E91DFE79-6789-4BCC-9816-D74A5459D3EF}.Release|Any CPU.ActiveCfg = Release|Any CPU
		{E91DFE79-6789-4BCC-9816-D74A5459D3EF}.Release|Any CPU.Build.0 = Release|Any CPU
		{FD9C407E-BBCF-4534-B032-75909D373E2B}.Debug|Any CPU.ActiveCfg = Debug|Any CPU
		{FD9C407E-BBCF-4534-B032-75909D373E2B}.Debug|Any CPU.Build.0 = Debug|Any CPU
		{FD9C407E-BBCF-4534-B032-75909D373E2B}.Release|Any CPU.ActiveCfg = Release|Any CPU
		{FD9C407E-BBCF-4534-B032-75909D373E2B}.Release|Any CPU.Build.0 = Release|Any CPU
		{106EE76A-02D2-4530-86C6-31CF97125B8A}.Debug|Any CPU.ActiveCfg = Debug|Any CPU
		{106EE76A-02D2-4530-86C6-31CF97125B8A}.Debug|Any CPU.Build.0 = Debug|Any CPU
		{106EE76A-02D2-4530-86C6-31CF97125B8A}.Release|Any CPU.ActiveCfg = Release|Any CPU
		{106EE76A-02D2-4530-86C6-31CF97125B8A}.Release|Any CPU.Build.0 = Release|Any CPU
		{7DBAB6AF-9AF2-4A4B-A899-C42397BD7015}.Debug|Any CPU.ActiveCfg = Debug|Any CPU
		{7DBAB6AF-9AF2-4A4B-A899-C42397BD7015}.Debug|Any CPU.Build.0 = Debug|Any CPU
		{7DBAB6AF-9AF2-4A4B-A899-C42397BD7015}.Release|Any CPU.ActiveCfg = Release|Any CPU
		{7DBAB6AF-9AF2-4A4B-A899-C42397BD7015}.Release|Any CPU.Build.0 = Release|Any CPU
	EndGlobalSection
	GlobalSection(SolutionProperties) = preSolution
		HideSolutionNode = FALSE
	EndGlobalSection
	GlobalSection(ExtensibilityGlobals) = postSolution
		SolutionGuid = {E8CA45F2-3F59-443B-8045-27ABDDE95134}
	EndGlobalSection
EndGlobal
